# This file is automatically @generated by Poetry 2.0.1 and should not be changed by hand.

[[package]]
name = "clarabel"
version = "0.9.0"
description = "Clarabel Conic Interior Point Solver for Rust / Python"
optional = false
python-versions = ">=3.7"
groups = ["main"]
files = [
    {file = "clarabel-0.9.0-cp37-abi3-macosx_10_12_x86_64.macosx_11_0_arm64.macosx_10_12_universal2.whl", hash = "sha256:702cc4666c0ccf893c936f9f1f55cbb3233ae2d5fa05f67b370ac3e7ec50f222"},
    {file = "clarabel-0.9.0-cp37-abi3-macosx_10_12_x86_64.whl", hash = "sha256:8ea616757b460153ead375b3dd3ce763d46fc3717248077bbfa7b2c844b1775f"},
    {file = "clarabel-0.9.0-cp37-abi3-manylinux_2_17_aarch64.manylinux2014_aarch64.whl", hash = "sha256:2b5ae16d7dd87aabf72260cf9590ba0d037c52d48555bcf3a86b1f0d9cf88dd4"},
    {file = "clarabel-0.9.0-cp37-abi3-manylinux_2_17_i686.manylinux2014_i686.whl", hash = "sha256:85cb560a5c4cdfb079e3437e21f0b62b69ba766ae082aeb96ced0b5763214077"},
    {file = "clarabel-0.9.0-cp37-abi3-manylinux_2_17_x86_64.manylinux2014_x86_64.whl", hash = "sha256:0eaeb3fbb5a90b598700d5435c7f102592a1a79ee25df5a097e0af575838786b"},
    {file = "clarabel-0.9.0-cp37-abi3-win32.whl", hash = "sha256:759c2fa0ccc61ae1a02691c43753638a0ae793bf1de81c6f6763c346789a7e25"},
    {file = "clarabel-0.9.0-cp37-abi3-win_amd64.whl", hash = "sha256:d24e4ed1b686eb2fe2a1b6e77935af6ad62a2c044131e70801ec1d3ef3d33280"},
    {file = "clarabel-0.9.0.tar.gz", hash = "sha256:0d6d3fe8800be5b4b5d40a8e14bd492667b3e46cc5dbe37677ce5ed25f0719d4"},
]

[package.dependencies]
numpy = "*"
scipy = "*"

[[package]]
name = "cmake"
version = "3.31.4"
description = "CMake is an open-source, cross-platform family of tools designed to build, test and package software"
optional = false
python-versions = ">=3.7"
groups = ["main"]
files = [
    {file = "cmake-3.31.4-py3-none-macosx_10_10_universal2.whl", hash = "sha256:fc048b4b70facd16699a43c737f6782b4eff56e8e6093090db5979532d9db0f6"},
    {file = "cmake-3.31.4-py3-none-manylinux_2_12_i686.manylinux2010_i686.whl", hash = "sha256:2a37be93534df04513f0845492d71bc80899c3f87b77e3b01c95aff1a7fc9bde"},
    {file = "cmake-3.31.4-py3-none-manylinux_2_12_x86_64.manylinux2010_x86_64.whl", hash = "sha256:c9f5f8289c5e7bd2ed654cbac164021fa7723064fee0443a2f0068bc08413d81"},
    {file = "cmake-3.31.4-py3-none-manylinux_2_17_aarch64.manylinux2014_aarch64.whl", hash = "sha256:926d91cae2ba7d2f3df857d0fc066bdac4f3904bf5c95e99b60435e85aabedb4"},
    {file = "cmake-3.31.4-py3-none-manylinux_2_17_i686.manylinux2014_i686.whl", hash = "sha256:929a8d8d289d69e43784661748ddd08933ce1ec5db8f9bcfce6ee817a48f8787"},
    {file = "cmake-3.31.4-py3-none-manylinux_2_17_ppc64le.manylinux2014_ppc64le.whl", hash = "sha256:b463efdf5b92f3b290235aa9f8da092b3dac19b7636c563fd156022dab580649"},
    {file = "cmake-3.31.4-py3-none-manylinux_2_17_s390x.manylinux2014_s390x.whl", hash = "sha256:225d9a643b0b60ffce0399ff0cabd7a4820e0dbcb794e97d3aacfcf7c0589ae6"},
    {file = "cmake-3.31.4-py3-none-manylinux_2_17_x86_64.manylinux2014_x86_64.whl", hash = "sha256:89143a5e2a5916061f2cfc5012e9fe6281aaf7c0dae7930bdc68d105d22ddc39"},
    {file = "cmake-3.31.4-py3-none-manylinux_2_31_armv7l.whl", hash = "sha256:f96127bf663168accd29d5a50ee68ea80f26bcd37f96c7a14ef2378781f19936"},
    {file = "cmake-3.31.4-py3-none-musllinux_1_1_aarch64.whl", hash = "sha256:25c5094394f0cee21130b5678e5b4552f72470e266df6d6fb1d5c505100f0eaa"},
    {file = "cmake-3.31.4-py3-none-musllinux_1_1_i686.whl", hash = "sha256:466c9295af440bb4a47cc5e1af10576cf2227620528afd0fd0b3effa1d513b49"},
    {file = "cmake-3.31.4-py3-none-musllinux_1_1_ppc64le.whl", hash = "sha256:f6af3b83a1b1fc1d990d18b6a566ee9c95c0393f986c6df15f2505dda8ad1bcc"},
    {file = "cmake-3.31.4-py3-none-musllinux_1_1_s390x.whl", hash = "sha256:23781e17563693a68b0cef85749746894b8a61488e56e96fc6649b73652e8236"},
    {file = "cmake-3.31.4-py3-none-musllinux_1_1_x86_64.whl", hash = "sha256:838a388b559137f3654d8cf30f62bbdec10f8d1c3624f0d289614d33cdf4fba1"},
    {file = "cmake-3.31.4-py3-none-musllinux_1_2_armv7l.whl", hash = "sha256:a6a3b0b9557f41c955a6b25c94205f2ca9c3a46edca809ad87507c5ef6bc4274"},
    {file = "cmake-3.31.4-py3-none-win32.whl", hash = "sha256:d378c9e58eac906bddafd673c7571262dcd5a9946bb1e8f9e3902572a8fa95ca"},
    {file = "cmake-3.31.4-py3-none-win_amd64.whl", hash = "sha256:20be7cdb41903edf85e8a498c4beff8d6854acbb087abfb07c362c738bdf0018"},
    {file = "cmake-3.31.4-py3-none-win_arm64.whl", hash = "sha256:9479a9255197c49e135df039d8484c69aa63158a06ae9c2d0eb939da2f0f7dff"},
    {file = "cmake-3.31.4.tar.gz", hash = "sha256:a6ac2242e0b16ad7d94c9f8572d6f232e6169747be50e5cdf497f206c4819ce1"},
]

[package.extras]
test = ["coverage (>=4.2)", "pytest (>=3.0.3)", "pytest-cov (>=2.4.0)"]

[[package]]
name = "cvxpy"
version = "1.6.0"
description = "A domain-specific language for modeling convex optimization problems in Python."
optional = false
python-versions = ">=3.9"
groups = ["main"]
files = [
    {file = "cvxpy-1.6.0-cp310-cp310-macosx_10_9_universal2.whl", hash = "sha256:45fa557789ff5d9ecdf88dee15c47dbd2f79fa47aa4d71e939126ad654e43484"},
    {file = "cvxpy-1.6.0-cp310-cp310-macosx_10_9_x86_64.whl", hash = "sha256:aaff709f5a12a5984b33303a0db5c129aeeba39c98001b630e6943d0cd5a53ed"},
    {file = "cvxpy-1.6.0-cp310-cp310-manylinux_2_17_aarch64.manylinux2014_aarch64.whl", hash = "sha256:376e43113f19c2e448b5a1fc06e276eae0952e398c6b76092b2fd21c8e14333f"},
    {file = "cvxpy-1.6.0-cp310-cp310-manylinux_2_17_x86_64.manylinux2014_x86_64.whl", hash = "sha256:32bbc9ad7c4423a68e8ec0ac7b59187937d0472e9a331e84c811c89c24799512"},
    {file = "cvxpy-1.6.0-cp310-cp310-win_amd64.whl", hash = "sha256:fe295d5eff0f7adab80fca54e2796da878827432f4f97f5d87e47208d52e0aab"},
    {file = "cvxpy-1.6.0-cp311-cp311-macosx_10_9_universal2.whl", hash = "sha256:99f3f72d84b6424dcbac582f9d50853ab0b473ef63087f1afefd0ddebd94999f"},
    {file = "cvxpy-1.6.0-cp311-cp311-macosx_10_9_x86_64.whl", hash = "sha256:5f8c2535541baca557a170a90fad5722f413f9898d3b6111f5f0d46707009b02"},
    {file = "cvxpy-1.6.0-cp311-cp311-manylinux_2_17_aarch64.manylinux2014_aarch64.whl", hash = "sha256:96de6ec5d2cb7ca2c2f767d8a8485ef9c7fb0269f5668d52210c8d7c32dda610"},
    {file = "cvxpy-1.6.0-cp311-cp311-manylinux_2_17_x86_64.manylinux2014_x86_64.whl", hash = "sha256:ccc3fc4a54126e90c858eee6d2d729afe954d9fab09d23ec92551728ce1e490c"},
    {file = "cvxpy-1.6.0-cp311-cp311-win_amd64.whl", hash = "sha256:94da5c6897db0718376153ac51a40d6cd6e33b4cc033d99783c506db794caeca"},
    {file = "cvxpy-1.6.0-cp312-cp312-macosx_10_13_universal2.whl", hash = "sha256:3ad0a0928dbd051d3e3b34bf76b078ee3e3b3b3418a86e406c048f9c06196ffa"},
    {file = "cvxpy-1.6.0-cp312-cp312-macosx_10_13_x86_64.whl", hash = "sha256:bc013ce8f868c2c25917a79c33e78ca6da7e9f4a498a35c3172a57a5d2626851"},
    {file = "cvxpy-1.6.0-cp312-cp312-manylinux_2_17_aarch64.manylinux2014_aarch64.whl", hash = "sha256:8a4305e85cc4c916a560818f03fe61521492c7cd4d43783e9e8713ed9dd6854d"},
    {file = "cvxpy-1.6.0-cp312-cp312-manylinux_2_17_x86_64.manylinux2014_x86_64.whl", hash = "sha256:12067d6a540037c0bf2d936961b84482002a231f37a994b5c9adff71360ba7a2"},
    {file = "cvxpy-1.6.0-cp312-cp312-win_amd64.whl", hash = "sha256:ca12f4045e6118a296e2fdbc451d4fa5f4c3bb1f4e8a770e5065b070144b9342"},
    {file = "cvxpy-1.6.0-cp313-cp313-macosx_10_13_universal2.whl", hash = "sha256:1f0fcf10d3d85e0e4828197348426ca49403c637cc7f19d68a2a2bd0ecf08b7e"},
    {file = "cvxpy-1.6.0-cp313-cp313-macosx_10_13_x86_64.whl", hash = "sha256:52412e4af1137ce8fb4ae927b2cffb00d71ece2ace1c9fa784827a3672b22fff"},
    {file = "cvxpy-1.6.0-cp313-cp313-manylinux_2_17_aarch64.manylinux2014_aarch64.whl", hash = "sha256:9cee9e376a45b9b0d7f20ec4ef380102cb960d496e074f49e596a0415c01dc00"},
    {file = "cvxpy-1.6.0-cp313-cp313-manylinux_2_17_x86_64.manylinux2014_x86_64.whl", hash = "sha256:6df39b5b5d0400b2edacdf784f42459237e956ba4a844d7ee33acc6af2a91709"},
    {file = "cvxpy-1.6.0-cp313-cp313-win_amd64.whl", hash = "sha256:d4a368defabbe07188c061865851075a38632aadbdc09b587b86fdbea215b79e"},
    {file = "cvxpy-1.6.0-cp39-cp39-macosx_10_9_universal2.whl", hash = "sha256:6be5987555efcedce8f3cf52a2c56204927b370fb9bd2be81b3126c68fc5130c"},
    {file = "cvxpy-1.6.0-cp39-cp39-macosx_10_9_x86_64.whl", hash = "sha256:2f1ca20b753eb96e2e2d410d7735191cddf7f9a81944161e7f203ecf966166c4"},
    {file = "cvxpy-1.6.0-cp39-cp39-manylinux_2_17_aarch64.manylinux2014_aarch64.whl", hash = "sha256:ed19c2ee4d874241217a5205af0b002dfe4f60f4a193518579f71260c1ef3343"},
    {file = "cvxpy-1.6.0-cp39-cp39-manylinux_2_17_x86_64.manylinux2014_x86_64.whl", hash = "sha256:d8b83be26ac70f8ce961386389e7f56a3c1a18bb524fae38b10b3041348810a6"},
    {file = "cvxpy-1.6.0-cp39-cp39-win_amd64.whl", hash = "sha256:1ce23246463a61478190ba5c5b6e5c22d52b06afd1875d28214925a49abec1ad"},
    {file = "cvxpy-1.6.0.tar.gz", hash = "sha256:679a9531877dfe0e2defabe106bc62a3e7ea094a7fcfcb797e121127ff8ff39a"},
]

[package.dependencies]
clarabel = ">=0.5.0"
numpy = ">=1.20"
osqp = ">=0.6.2"
scipy = ">=1.1.0"
scs = ">=3.2.4.post1"

[package.extras]
cbc = ["cylp (>=0.91.5)"]
cvxopt = ["cvxopt"]
daqp = ["daqp"]
diffcp = ["diffcp"]
doc = ["sphinx", "sphinx-design", "sphinx-immaterial (>=0.11.7)", "sphinx-inline-tabs", "sphinxcontrib.jquery"]
ecos = ["ecos"]
ecos-bb = ["ecos"]
glop = ["ortools (>=9.7,<9.10)"]
glpk = ["cvxopt"]
glpk-mi = ["cvxopt"]
gurobi = ["gurobipy"]
highs = ["highspy"]
mosek = ["Mosek"]
pdlp = ["ortools (>=9.7,<9.10)"]
piqp = ["piqp"]
proxqp = ["proxsuite"]
scip = ["PySCIPOpt"]
scipy = ["scipy"]
scs = ["setuptools (>65.5.1)"]
testing = ["hypothesis", "pytest"]
xpress = ["xpress"]

[[package]]
name = "cvxpygen"
version = "0.3.6"
description = "Code generation with CVXPY"
optional = false
python-versions = ">=3.6"
groups = ["main"]
files = [
    {file = "cvxpygen-0.3.6.tar.gz", hash = "sha256:43e5231787821c4e8eca7929f7e73a365403d603f2db041835b0b971e9943ab0"},
]

[package.dependencies]
clarabel = ">=0.6.0"
cmake = ">=3.5"
cvxpy = ">=1.4.1"
numpy = ">=1.15,<1.28.0"
osqp = ">=0.6.2,<1.0.0"
pybind11 = ">=2.8"
scipy = ">=1.1.0,<1.12.0"

[package.extras]
dev = ["pytest (==6.2.4)"]

[[package]]
name = "ecos"
version = "2.0.14"
description = "This is the Python package for ECOS: Embedded Cone Solver. See Github page for more information."
optional = false
python-versions = "*"
groups = ["main"]
files = [
    {file = "ecos-2.0.14-cp310-cp310-macosx_10_9_x86_64.whl", hash = "sha256:d16f8c97c42a18be77530b4d0090d8dd38105ae311518fc58a66c5c403d79672"},
    {file = "ecos-2.0.14-cp310-cp310-manylinux_2_17_x86_64.manylinux2014_x86_64.whl", hash = "sha256:f9a977976ec618261456d6c9cd4ec7b7745607e448e78cd0c851190c6cc515ef"},
    {file = "ecos-2.0.14-cp310-cp310-win_amd64.whl", hash = "sha256:f2e8ab314609117f7e96bb83db7458f011ab0496c61078e146a8f5c8244e70b2"},
    {file = "ecos-2.0.14-cp311-cp311-macosx_10_9_x86_64.whl", hash = "sha256:dc90b54eaae16ead128bfdd95e04bf808b73578bdf40ed652c55aa36a6d02e42"},
    {file = "ecos-2.0.14-cp311-cp311-manylinux_2_17_x86_64.manylinux2014_x86_64.whl", hash = "sha256:7a8be3b4856838ae351fec40fb3589181d52b41cf75bf4d35342686a508c37a6"},
    {file = "ecos-2.0.14-cp311-cp311-win_amd64.whl", hash = "sha256:7495b3031ccc2d4cec72cdb40aed8a2d1fdd734fe40519b7e6047aead5e811cf"},
    {file = "ecos-2.0.14-cp312-cp312-macosx_10_9_x86_64.whl", hash = "sha256:4a7e2704a3ef9acfb8146d594deff9942d3a0f0d0399de8fe2e0bd95e8b0855c"},
    {file = "ecos-2.0.14-cp312-cp312-manylinux_2_17_x86_64.manylinux2014_x86_64.whl", hash = "sha256:f3cbb1a66ecf10955a1a4bcd6b99db55148000cb79fd176bfac26d98b21a4814"},
    {file = "ecos-2.0.14-cp312-cp312-win_amd64.whl", hash = "sha256:718eb62afb8e45426bcc365ebaf3ca9f610afcbb754de6073ef5f104da8fca1f"},
    {file = "ecos-2.0.14-cp37-cp37m-macosx_10_9_x86_64.whl", hash = "sha256:1a4048d576dc312679cc56a6a9af24e0fc6501988d89b725107fd05b4f0dcec8"},
    {file = "ecos-2.0.14-cp37-cp37m-manylinux_2_17_x86_64.manylinux2014_x86_64.whl", hash = "sha256:e55833bb2a468989ed9ffae4944b005888dfbf4c273daff13259d22104cfc097"},
    {file = "ecos-2.0.14-cp37-cp37m-win_amd64.whl", hash = "sha256:ceba1e1b411a5ff0acb41bf1732da426b482bf51b40ccc1a114132f8ecedb165"},
    {file = "ecos-2.0.14-cp38-cp38-macosx_10_9_x86_64.whl", hash = "sha256:85007d4462178f1e44aa824122e05e3e72605a7ec4366a55f678002793448f84"},
    {file = "ecos-2.0.14-cp38-cp38-manylinux_2_17_x86_64.manylinux2014_x86_64.whl", hash = "sha256:81488788f92b1a288a44398835a371740d2f91b1d2361f76e3a27c4c6c8f8104"},
    {file = "ecos-2.0.14-cp38-cp38-win_amd64.whl", hash = "sha256:56e461ce7ef57bacd9c3653da2bfb959571b4e57177b7f0ea9a69170f7e2a1e3"},
    {file = "ecos-2.0.14-cp39-cp39-macosx_10_9_x86_64.whl", hash = "sha256:cb7189a1fabb46c6058484158f7002aa7b0d97633af18fd3cc98e4239d550a58"},
    {file = "ecos-2.0.14-cp39-cp39-manylinux_2_17_x86_64.manylinux2014_x86_64.whl", hash = "sha256:aa30ce5d4ebe012f2432da53369349f9aee8df3c463987f5a4af44477eecd9a5"},
    {file = "ecos-2.0.14-cp39-cp39-win_amd64.whl", hash = "sha256:e412718b23c46500e0f0a3be2a5e5a552e89f495992cf7b3742eae6c75c830a7"},
    {file = "ecos-2.0.14.tar.gz", hash = "sha256:64b3201c0e0a7f0129050557c4ac50b00031e80a10534506dba1200c8dc1efe4"},
]

[package.dependencies]
numpy = ">=1.6"
scipy = ">=0.9"

[[package]]
name = "numpy"
version = "1.26.4"
description = "Fundamental package for array computing in Python"
optional = false
python-versions = ">=3.9"
groups = ["main"]
files = [
    {file = "numpy-1.26.4-cp310-cp310-macosx_10_9_x86_64.whl", hash = "sha256:9ff0f4f29c51e2803569d7a51c2304de5554655a60c5d776e35b4a41413830d0"},
    {file = "numpy-1.26.4-cp310-cp310-macosx_11_0_arm64.whl", hash = "sha256:2e4ee3380d6de9c9ec04745830fd9e2eccb3e6cf790d39d7b98ffd19b0dd754a"},
    {file = "numpy-1.26.4-cp310-cp310-manylinux_2_17_aarch64.manylinux2014_aarch64.whl", hash = "sha256:d209d8969599b27ad20994c8e41936ee0964e6da07478d6c35016bc386b66ad4"},
    {file = "numpy-1.26.4-cp310-cp310-manylinux_2_17_x86_64.manylinux2014_x86_64.whl", hash = "sha256:ffa75af20b44f8dba823498024771d5ac50620e6915abac414251bd971b4529f"},
    {file = "numpy-1.26.4-cp310-cp310-musllinux_1_1_aarch64.whl", hash = "sha256:62b8e4b1e28009ef2846b4c7852046736bab361f7aeadeb6a5b89ebec3c7055a"},
    {file = "numpy-1.26.4-cp310-cp310-musllinux_1_1_x86_64.whl", hash = "sha256:a4abb4f9001ad2858e7ac189089c42178fcce737e4169dc61321660f1a96c7d2"},
    {file = "numpy-1.26.4-cp310-cp310-win32.whl", hash = "sha256:bfe25acf8b437eb2a8b2d49d443800a5f18508cd811fea3181723922a8a82b07"},
    {file = "numpy-1.26.4-cp310-cp310-win_amd64.whl", hash = "sha256:b97fe8060236edf3662adfc2c633f56a08ae30560c56310562cb4f95500022d5"},
    {file = "numpy-1.26.4-cp311-cp311-macosx_10_9_x86_64.whl", hash = "sha256:4c66707fabe114439db9068ee468c26bbdf909cac0fb58686a42a24de1760c71"},
    {file = "numpy-1.26.4-cp311-cp311-macosx_11_0_arm64.whl", hash = "sha256:edd8b5fe47dab091176d21bb6de568acdd906d1887a4584a15a9a96a1dca06ef"},
    {file = "numpy-1.26.4-cp311-cp311-manylinux_2_17_aarch64.manylinux2014_aarch64.whl", hash = "sha256:7ab55401287bfec946ced39700c053796e7cc0e3acbef09993a9ad2adba6ca6e"},
    {file = "numpy-1.26.4-cp311-cp311-manylinux_2_17_x86_64.manylinux2014_x86_64.whl", hash = "sha256:666dbfb6ec68962c033a450943ded891bed2d54e6755e35e5835d63f4f6931d5"},
    {file = "numpy-1.26.4-cp311-cp311-musllinux_1_1_aarch64.whl", hash = "sha256:96ff0b2ad353d8f990b63294c8986f1ec3cb19d749234014f4e7eb0112ceba5a"},
    {file = "numpy-1.26.4-cp311-cp311-musllinux_1_1_x86_64.whl", hash = "sha256:60dedbb91afcbfdc9bc0b1f3f402804070deed7392c23eb7a7f07fa857868e8a"},
    {file = "numpy-1.26.4-cp311-cp311-win32.whl", hash = "sha256:1af303d6b2210eb850fcf03064d364652b7120803a0b872f5211f5234b399f20"},
    {file = "numpy-1.26.4-cp311-cp311-win_amd64.whl", hash = "sha256:cd25bcecc4974d09257ffcd1f098ee778f7834c3ad767fe5db785be9a4aa9cb2"},
    {file = "numpy-1.26.4-cp312-cp312-macosx_10_9_x86_64.whl", hash = "sha256:b3ce300f3644fb06443ee2222c2201dd3a89ea6040541412b8fa189341847218"},
    {file = "numpy-1.26.4-cp312-cp312-macosx_11_0_arm64.whl", hash = "sha256:03a8c78d01d9781b28a6989f6fa1bb2c4f2d51201cf99d3dd875df6fbd96b23b"},
    {file = "numpy-1.26.4-cp312-cp312-manylinux_2_17_aarch64.manylinux2014_aarch64.whl", hash = "sha256:9fad7dcb1aac3c7f0584a5a8133e3a43eeb2fe127f47e3632d43d677c66c102b"},
    {file = "numpy-1.26.4-cp312-cp312-manylinux_2_17_x86_64.manylinux2014_x86_64.whl", hash = "sha256:675d61ffbfa78604709862923189bad94014bef562cc35cf61d3a07bba02a7ed"},
    {file = "numpy-1.26.4-cp312-cp312-musllinux_1_1_aarch64.whl", hash = "sha256:ab47dbe5cc8210f55aa58e4805fe224dac469cde56b9f731a4c098b91917159a"},
    {file = "numpy-1.26.4-cp312-cp312-musllinux_1_1_x86_64.whl", hash = "sha256:1dda2e7b4ec9dd512f84935c5f126c8bd8b9f2fc001e9f54af255e8c5f16b0e0"},
    {file = "numpy-1.26.4-cp312-cp312-win32.whl", hash = "sha256:50193e430acfc1346175fcbdaa28ffec49947a06918b7b92130744e81e640110"},
    {file = "numpy-1.26.4-cp312-cp312-win_amd64.whl", hash = "sha256:08beddf13648eb95f8d867350f6a018a4be2e5ad54c8d8caed89ebca558b2818"},
    {file = "numpy-1.26.4-cp39-cp39-macosx_10_9_x86_64.whl", hash = "sha256:7349ab0fa0c429c82442a27a9673fc802ffdb7c7775fad780226cb234965e53c"},
    {file = "numpy-1.26.4-cp39-cp39-macosx_11_0_arm64.whl", hash = "sha256:52b8b60467cd7dd1e9ed082188b4e6bb35aa5cdd01777621a1658910745b90be"},
    {file = "numpy-1.26.4-cp39-cp39-manylinux_2_17_aarch64.manylinux2014_aarch64.whl", hash = "sha256:d5241e0a80d808d70546c697135da2c613f30e28251ff8307eb72ba696945764"},
    {file = "numpy-1.26.4-cp39-cp39-manylinux_2_17_x86_64.manylinux2014_x86_64.whl", hash = "sha256:f870204a840a60da0b12273ef34f7051e98c3b5961b61b0c2c1be6dfd64fbcd3"},
    {file = "numpy-1.26.4-cp39-cp39-musllinux_1_1_aarch64.whl", hash = "sha256:679b0076f67ecc0138fd2ede3a8fd196dddc2ad3254069bcb9faf9a79b1cebcd"},
    {file = "numpy-1.26.4-cp39-cp39-musllinux_1_1_x86_64.whl", hash = "sha256:47711010ad8555514b434df65f7d7b076bb8261df1ca9bb78f53d3b2db02e95c"},
    {file = "numpy-1.26.4-cp39-cp39-win32.whl", hash = "sha256:a354325ee03388678242a4d7ebcd08b5c727033fcff3b2f536aea978e15ee9e6"},
    {file = "numpy-1.26.4-cp39-cp39-win_amd64.whl", hash = "sha256:3373d5d70a5fe74a2c1bb6d2cfd9609ecf686d47a2d7b1d37a8f3b6bf6003aea"},
    {file = "numpy-1.26.4-pp39-pypy39_pp73-macosx_10_9_x86_64.whl", hash = "sha256:afedb719a9dcfc7eaf2287b839d8198e06dcd4cb5d276a3df279231138e83d30"},
    {file = "numpy-1.26.4-pp39-pypy39_pp73-manylinux_2_17_x86_64.manylinux2014_x86_64.whl", hash = "sha256:95a7476c59002f2f6c590b9b7b998306fba6a5aa646b1e22ddfeaf8f78c3a29c"},
    {file = "numpy-1.26.4-pp39-pypy39_pp73-win_amd64.whl", hash = "sha256:7e50d0a0cc3189f9cb0aeb3a6a6af18c16f59f004b866cd2be1c14b36134a4a0"},
    {file = "numpy-1.26.4.tar.gz", hash = "sha256:2a02aba9ed12e4ac4eb3ea9421c420301a0c6460d9830d74a9df87efa4912010"},
]

[[package]]
name = "osqp"
version = "0.6.7.post3"
description = "OSQP: The Operator Splitting QP Solver"
optional = false
python-versions = "*"
groups = ["main"]
files = [
    {file = "osqp-0.6.7.post3-cp310-cp310-macosx_10_9_x86_64.whl", hash = "sha256:f751ca1332b480753cfe3c08bf14ca66259bf69679b572e1f8095ad3e26b201d"},
    {file = "osqp-0.6.7.post3-cp310-cp310-macosx_11_0_arm64.whl", hash = "sha256:a1b30df65f2d938452e3bd2ca11388b5b16ec7406daedfc4b9dce3747c282e44"},
    {file = "osqp-0.6.7.post3-cp310-cp310-manylinux_2_17_aarch64.manylinux2014_aarch64.whl", hash = "sha256:6e1c4550853a5f1e0a90ae7ccbee1cb990f34f98514911955ad14841613110dd"},
    {file = "osqp-0.6.7.post3-cp310-cp310-manylinux_2_5_x86_64.manylinux1_x86_64.manylinux_2_17_x86_64.manylinux2014_x86_64.whl", hash = "sha256:e0cce816af77b28fc5eff1a4e6d8d25d0653f48275e6e2814bd5f1767181e715"},
    {file = "osqp-0.6.7.post3-cp310-cp310-win_amd64.whl", hash = "sha256:78a1d63b36876996a7125e061145280949334d667060a20895c5d1f183c70242"},
    {file = "osqp-0.6.7.post3-cp311-cp311-macosx_10_9_x86_64.whl", hash = "sha256:b1a1dcd869fd6ac501e06262c21483a3691b6281e4f3f65af6951330958b89ca"},
    {file = "osqp-0.6.7.post3-cp311-cp311-macosx_11_0_arm64.whl", hash = "sha256:46b93d1110dc0ad311f6691c4df9ee41cbbde5ffc0d8c8d520d4555bf5d8765b"},
    {file = "osqp-0.6.7.post3-cp311-cp311-manylinux_2_17_aarch64.manylinux2014_aarch64.whl", hash = "sha256:5209104d6fe3ace4fdbf9ace08caa2cba9de1e7ccd5f56279a346c235917138b"},
    {file = "osqp-0.6.7.post3-cp311-cp311-manylinux_2_5_x86_64.manylinux1_x86_64.manylinux_2_17_x86_64.manylinux2014_x86_64.whl", hash = "sha256:fdfefa07740e9fb1c574cdc836e5afe2600b73c0c12089955d4ae6587c55f0eb"},
    {file = "osqp-0.6.7.post3-cp311-cp311-win_amd64.whl", hash = "sha256:c48c91dfba02ce11e8b8f5d401ec5b67a316782bfdf4f53ca753e49907f7387f"},
    {file = "osqp-0.6.7.post3-cp312-cp312-macosx_10_13_x86_64.whl", hash = "sha256:023af06764f7aba9c64536ecb7204019906bb7e78237f335f82b404f16623eef"},
    {file = "osqp-0.6.7.post3-cp312-cp312-macosx_11_0_arm64.whl", hash = "sha256:4cec7cb5bf1615c4129277275dc08e20a037372a874cff35eb891b4b35a463de"},
    {file = "osqp-0.6.7.post3-cp312-cp312-manylinux_2_17_aarch64.manylinux2014_aarch64.whl", hash = "sha256:eb882ab24b97b14843b7c71d2474fb8b415bafc8dd60aa94870c2ef338c20bfb"},
    {file = "osqp-0.6.7.post3-cp312-cp312-manylinux_2_5_x86_64.manylinux1_x86_64.manylinux_2_17_x86_64.manylinux2014_x86_64.whl", hash = "sha256:502fde0ae710cef1e6418fb8d26efef9597d1dcba877489a1c2eb9c3eb2ff2e9"},
    {file = "osqp-0.6.7.post3-cp312-cp312-win_amd64.whl", hash = "sha256:468588cfb690becba4d1f460c2a53e75530584e3efcf2caed59f5219032e6888"},
    {file = "osqp-0.6.7.post3-cp313-cp313-macosx_10_13_x86_64.whl", hash = "sha256:cee478eedf9cfad11ff9c27ef0b1e032506a16888b8b874f622816cf8749db7f"},
    {file = "osqp-0.6.7.post3-cp313-cp313-macosx_11_0_arm64.whl", hash = "sha256:5dd739c4c6c91e40d2e3ea2bb78c635c897e07697ab24a46d3a5d197e254b0f3"},
    {file = "osqp-0.6.7.post3-cp313-cp313-manylinux_2_17_aarch64.manylinux2014_aarch64.whl", hash = "sha256:002f280f23d15ad3c6386a868688f0b17c90dba13d0f7f8da1c833a14fc4d7f8"},
    {file = "osqp-0.6.7.post3-cp313-cp313-manylinux_2_5_x86_64.manylinux1_x86_64.manylinux_2_17_x86_64.manylinux2014_x86_64.whl", hash = "sha256:1a2922fe8cb666964cf01b643da81eadf4bb435139a5f042d5bb6dcb87496778"},
    {file = "osqp-0.6.7.post3-cp313-cp313-win_amd64.whl", hash = "sha256:acb219e941f5248da5de3ee9b70e6a5aaddf5f3989dffd1d4c03b0f7b1dfa17b"},
    {file = "osqp-0.6.7.post3-cp36-cp36m-macosx_10_9_x86_64.whl", hash = "sha256:d12757f9594f87219820aa7ae06ce7800fef9ea52828b7d1970016d6c9749b5f"},
    {file = "osqp-0.6.7.post3-cp36-cp36m-manylinux_2_17_aarch64.manylinux2014_aarch64.whl", hash = "sha256:565205e0dbe5b6ac1dcd7eee8d2e9c4ba5d88b7aaaa522140cdb7d197a9275bb"},
    {file = "osqp-0.6.7.post3-cp36-cp36m-manylinux_2_5_x86_64.manylinux1_x86_64.manylinux_2_17_x86_64.manylinux2014_x86_64.whl", hash = "sha256:34974c8441260e8952f63a17b0461da9b554a3ed9122042dd0f2e0a4c19e9732"},
    {file = "osqp-0.6.7.post3-cp36-cp36m-win_amd64.whl", hash = "sha256:01d99ced6f43d0d10fa0f01631c5b0a27aca44a5e4743b7ce9a174fcfebfde6e"},
    {file = "osqp-0.6.7.post3-cp37-cp37m-macosx_10_9_x86_64.whl", hash = "sha256:d54837f762b17cb77aa16be3e85cc424cb93fd4ec84f5cbb14f9c0520191fecf"},
    {file = "osqp-0.6.7.post3-cp37-cp37m-manylinux_2_17_aarch64.manylinux2014_aarch64.whl", hash = "sha256:4c353997ebe57cd8252bd5d7100d997086ab0524b946dc49a4e4d4a774752ee9"},
    {file = "osqp-0.6.7.post3-cp37-cp37m-manylinux_2_5_x86_64.manylinux1_x86_64.manylinux_2_17_x86_64.manylinux2014_x86_64.whl", hash = "sha256:30c37552731443295b629999c6d100f76310a2cd368503095af6165e2f52993d"},
    {file = "osqp-0.6.7.post3-cp37-cp37m-win_amd64.whl", hash = "sha256:2c3c31712c60d0421178040a6ee9644318fb579bd83375af4ffd9d5d7c9d2d2e"},
    {file = "osqp-0.6.7.post3-cp38-cp38-macosx_10_9_x86_64.whl", hash = "sha256:eb3c73386d18be58097115f5f8623860d5736c5b956eb54e492b91380cab549e"},
    {file = "osqp-0.6.7.post3-cp38-cp38-macosx_11_0_arm64.whl", hash = "sha256:27396891b4c52baae44d9aef4ad2abf7da9a19946c5cbdd163f96a55de02515f"},
    {file = "osqp-0.6.7.post3-cp38-cp38-manylinux_2_17_aarch64.manylinux2014_aarch64.whl", hash = "sha256:bb39a937c5fbfe935cebc21c9ef51434cabe5a6f415a775b8a0939c39aa31671"},
    {file = "osqp-0.6.7.post3-cp38-cp38-manylinux_2_5_x86_64.manylinux1_x86_64.manylinux_2_17_x86_64.manylinux2014_x86_64.whl", hash = "sha256:204857fdd4100ad0d487cac4e9c1698843440ec49c1d49b03aa369588cd2db65"},
    {file = "osqp-0.6.7.post3-cp38-cp38-win_amd64.whl", hash = "sha256:4981c0f2b28bce3731d614953da11b4dd30106ea3e4d7d0a5f7dd3a93270934a"},
    {file = "osqp-0.6.7.post3-cp39-cp39-macosx_10_9_x86_64.whl", hash = "sha256:21e605e3ec1547a23be16ea52ade3157d4e2e7935472dd9c0c089a9c6b3463be"},
    {file = "osqp-0.6.7.post3-cp39-cp39-macosx_11_0_arm64.whl", hash = "sha256:82f14aaf099be0888b47e50699006c16107b30f53a7bc27070075d56d23c822c"},
    {file = "osqp-0.6.7.post3-cp39-cp39-manylinux_2_17_aarch64.manylinux2014_aarch64.whl", hash = "sha256:7938f6e4fe2b8b9737b4b7b0dda48bf0f11c14104b79c07ce0b1fe475f4e1308"},
    {file = "osqp-0.6.7.post3-cp39-cp39-manylinux_2_5_x86_64.manylinux1_x86_64.manylinux_2_17_x86_64.manylinux2014_x86_64.whl", hash = "sha256:298617772814480fce4610ea1f3abac3deac3ffdc978b0df4916f1021d128c66"},
    {file = "osqp-0.6.7.post3-cp39-cp39-win_amd64.whl", hash = "sha256:894e65b8e4c81f0ef069af6b2ec398881aafe4dd265869b1647ee18a2a9393b1"},
    {file = "osqp-0.6.7.post3.tar.gz", hash = "sha256:b0c5e0a721f21c9724097a4fd50108304d296468d124e16f34ac67046f7020e1"},
]

[package.dependencies]
numpy = ">=1.7"
qdldl = "*"
scipy = ">=0.13.2"

[package.extras]
dev = ["scipy (!=1.12.0)"]

[[package]]
name = "pybind11"
version = "2.13.6"
description = "Seamless operability between C++11 and Python"
optional = false
python-versions = ">=3.7"
groups = ["main"]
files = [
    {file = "pybind11-2.13.6-py3-none-any.whl", hash = "sha256:237c41e29157b962835d356b370ededd57594a26d5894a795960f0047cb5caf5"},
    {file = "pybind11-2.13.6.tar.gz", hash = "sha256:ba6af10348c12b24e92fa086b39cfba0eff619b61ac77c406167d813b096d39a"},
]

[package.extras]
global = ["pybind11-global (==2.13.6)"]

[[package]]
name = "qdldl"
version = "0.1.7.post5"
description = "QDLDL, a free LDL factorization routine."
optional = false
python-versions = "*"
groups = ["main"]
files = [
    {file = "qdldl-0.1.7.post5-cp310-cp310-macosx_10_9_x86_64.whl", hash = "sha256:882658853edd24a7d16912af29e77320e061b150b4ed7cf94fd01907f2e925b4"},
    {file = "qdldl-0.1.7.post5-cp310-cp310-macosx_11_0_arm64.whl", hash = "sha256:e30a80d71ab5889a1e169304b12bc3ab69210775f6428153873584ff8dfb50e5"},
    {file = "qdldl-0.1.7.post5-cp310-cp310-manylinux_2_17_aarch64.manylinux2014_aarch64.whl", hash = "sha256:3640594ea643e4b2c2b40a6f21ad7a6c5bdfaaf5f13a5256538b631d474d7b77"},
    {file = "qdldl-0.1.7.post5-cp310-cp310-manylinux_2_17_x86_64.manylinux2014_x86_64.whl", hash = "sha256:ba00c93f547eff8aa13af300c7b7573b27caf30209b25ec8f16f2ff810b9653f"},
    {file = "qdldl-0.1.7.post5-cp310-cp310-win_amd64.whl", hash = "sha256:66c5e0e9175dd0c2a511b4dc9e0ee106ababc5e4e05ef8107598f14e346c5632"},
    {file = "qdldl-0.1.7.post5-cp311-cp311-macosx_10_9_x86_64.whl", hash = "sha256:aa22df45e625c763d129b2893b284b7bde16a535a7e900288d588be9dc24fe9f"},
    {file = "qdldl-0.1.7.post5-cp311-cp311-macosx_11_0_arm64.whl", hash = "sha256:7e196871dafe4febb86c2886713c8a2226d19455226e56e3b9480aa78eb59b5e"},
    {file = "qdldl-0.1.7.post5-cp311-cp311-manylinux_2_17_aarch64.manylinux2014_aarch64.whl", hash = "sha256:4ba5ff31a66d1f92b41d0b97d27288d28a8c849dd6db2221a579b1a5a5a6df0f"},
    {file = "qdldl-0.1.7.post5-cp311-cp311-manylinux_2_17_x86_64.manylinux2014_x86_64.whl", hash = "sha256:c34872867c2bcac60279034594eac8dee042b9dedd4c45948e55884b8c5c9cd0"},
    {file = "qdldl-0.1.7.post5-cp311-cp311-win_amd64.whl", hash = "sha256:b1280e886f734e3d0d67f643e3d76c55d2e23d0e7b06d89b987681dc165892c5"},
    {file = "qdldl-0.1.7.post5-cp312-cp312-macosx_10_13_x86_64.whl", hash = "sha256:d67a95d0ba73147a05cf98dc9284103f64150c9e2c214cd35ee0258f06922c5e"},
    {file = "qdldl-0.1.7.post5-cp312-cp312-macosx_11_0_arm64.whl", hash = "sha256:2e23d684427ce49f5d657e353322363555d1a31605fe72cbe4b965a4e260742c"},
    {file = "qdldl-0.1.7.post5-cp312-cp312-manylinux_2_17_aarch64.manylinux2014_aarch64.whl", hash = "sha256:8c4953d4fe61951fb515a6439009248b5a7b73627d74ee929d02b19bea41b19d"},
    {file = "qdldl-0.1.7.post5-cp312-cp312-manylinux_2_17_x86_64.manylinux2014_x86_64.whl", hash = "sha256:520dbe4006a333c773ff474d2dc1e0af928c0dc7d9ca36db5637ba738ee608ba"},
    {file = "qdldl-0.1.7.post5-cp312-cp312-win_amd64.whl", hash = "sha256:13dfc0b225a5c180512488fa51f1771e8fa3c06d7fce9fd3c1d018bc03ba0eec"},
    {file = "qdldl-0.1.7.post5-cp313-cp313-macosx_10_13_x86_64.whl", hash = "sha256:7600985d2321cb15f71f8bb3a92ef2a85284b4fd740d8bbd4960b8c2f7ee6d33"},
    {file = "qdldl-0.1.7.post5-cp313-cp313-macosx_11_0_arm64.whl", hash = "sha256:314153f574641c846a85ff9b4a5c0e0d23e32d0de11d8381866bb27577088bef"},
    {file = "qdldl-0.1.7.post5-cp313-cp313-manylinux_2_17_aarch64.manylinux2014_aarch64.whl", hash = "sha256:42b1ee3840d7d8ef4f1e3ffce0620116a71abd72c52ba46e0c194d4b294a0ad2"},
    {file = "qdldl-0.1.7.post5-cp313-cp313-manylinux_2_17_x86_64.manylinux2014_x86_64.whl", hash = "sha256:cba6df1eedbaea844485e1c7a6ae9013bbdc86f07c4ebb13c89249b003de4ef4"},
    {file = "qdldl-0.1.7.post5-cp313-cp313-win_amd64.whl", hash = "sha256:cc9be378e7bec67d4c62b7fa27cafb4f77d3e5e059d753c3dce0a5ae1ef5fea0"},
    {file = "qdldl-0.1.7.post5-cp36-cp36m-macosx_10_9_x86_64.whl", hash = "sha256:f25708dde1978aaec11fc161040230c007d81d4a7528c279f6045bd692bd7ea7"},
    {file = "qdldl-0.1.7.post5-cp36-cp36m-manylinux_2_17_aarch64.manylinux2014_aarch64.whl", hash = "sha256:08c191fc6b595b5b31c5ee3b30277e77dd0e4cfc7cd452d76acb564b8342d8f5"},
    {file = "qdldl-0.1.7.post5-cp36-cp36m-manylinux_2_17_x86_64.manylinux2014_x86_64.whl", hash = "sha256:3373b02e31965a6032a6a96992737ce1986911758d96338633ebc72bdd01a216"},
    {file = "qdldl-0.1.7.post5-cp36-cp36m-win_amd64.whl", hash = "sha256:c7db6c8426cd5bbe6dc88d6a8e4f76de01309315aa3d9f57ed03549bb8671c48"},
    {file = "qdldl-0.1.7.post5-cp37-cp37m-macosx_10_9_x86_64.whl", hash = "sha256:20ba0aa2e4f15c3708125493610377920132ab4542d0a6e02b190a7134ccbf3b"},
    {file = "qdldl-0.1.7.post5-cp37-cp37m-manylinux_2_17_aarch64.manylinux2014_aarch64.whl", hash = "sha256:6da81b4799dfe95ed4b17aab05777e2385417e60dfe684930b7c3c1a89502934"},
    {file = "qdldl-0.1.7.post5-cp37-cp37m-manylinux_2_17_x86_64.manylinux2014_x86_64.whl", hash = "sha256:c78bcb478ff9a791e8125685a6e0ebe666e3d75e33e84ba6ac90de182b85032e"},
    {file = "qdldl-0.1.7.post5-cp37-cp37m-win_amd64.whl", hash = "sha256:c082c39c28def441d59812f88e7a6d2c96179bcf045a5e444aa32f49a7422284"},
    {file = "qdldl-0.1.7.post5-cp38-cp38-macosx_10_9_x86_64.whl", hash = "sha256:5e4d995569dd004729a9fc11b005be0051815acb60cec3f96615ac57353fcfb6"},
    {file = "qdldl-0.1.7.post5-cp38-cp38-macosx_11_0_arm64.whl", hash = "sha256:f03dc5c21deeb111b8585dc4dfba0015ef4d1c7d21267e8f3beb7383229cd1cb"},
    {file = "qdldl-0.1.7.post5-cp38-cp38-manylinux_2_17_aarch64.manylinux2014_aarch64.whl", hash = "sha256:f64b13d37a5a4254b38370c9396196918e4463c1a9578b4b11480d4f12461090"},
    {file = "qdldl-0.1.7.post5-cp38-cp38-manylinux_2_17_x86_64.manylinux2014_x86_64.whl", hash = "sha256:63543e19350160d2a5f5789026678646c3290c55cd9fde0978ee7afba905b3a1"},
    {file = "qdldl-0.1.7.post5-cp38-cp38-win_amd64.whl", hash = "sha256:9719a2baea306fe53ae53a7bbf556a4f042c7d9a218240f2410368071a3fe8f7"},
    {file = "qdldl-0.1.7.post5-cp39-cp39-macosx_10_9_x86_64.whl", hash = "sha256:86e89019cf035d9c3bbd03391c59be2efd9553fcde72c8326a1d6ffa8987a5c4"},
    {file = "qdldl-0.1.7.post5-cp39-cp39-macosx_11_0_arm64.whl", hash = "sha256:6eb7368d8b82f11344e89032a29d57c2f83a4acd39e1e529a777cf1a7c15bcba"},
    {file = "qdldl-0.1.7.post5-cp39-cp39-manylinux_2_17_aarch64.manylinux2014_aarch64.whl", hash = "sha256:1d778ce1a96e0705a2d89c69b619abdb2dfdd156157ddb4191b3086eab8f95ab"},
    {file = "qdldl-0.1.7.post5-cp39-cp39-manylinux_2_17_x86_64.manylinux2014_x86_64.whl", hash = "sha256:aea639a5a2f85cd102710c65a709270d5293f0695a75d9656f1c175750afb065"},
    {file = "qdldl-0.1.7.post5-cp39-cp39-win_amd64.whl", hash = "sha256:eac992a8f4287328078b6ed0f5022bf68e43d5fce3e9d067765b40c95ed45f51"},
    {file = "qdldl-0.1.7.post5.tar.gz", hash = "sha256:0b1399e1c49b5bed5aac8fd63ef08ab708d340c37fb426fe00128bc1f36b286e"},
]

[package.dependencies]
numpy = ">=1.7"
scipy = ">=0.13.2"

[[package]]
name = "scipy"
version = "1.11.4"
description = "Fundamental algorithms for scientific computing in Python"
optional = false
python-versions = ">=3.9"
groups = ["main"]
files = [
    {file = "scipy-1.11.4-cp310-cp310-macosx_10_9_x86_64.whl", hash = "sha256:bc9a714581f561af0848e6b69947fda0614915f072dfd14142ed1bfe1b806710"},
    {file = "scipy-1.11.4-cp310-cp310-macosx_12_0_arm64.whl", hash = "sha256:cf00bd2b1b0211888d4dc75656c0412213a8b25e80d73898083f402b50f47e41"},
    {file = "scipy-1.11.4-cp310-cp310-manylinux_2_17_aarch64.manylinux2014_aarch64.whl", hash = "sha256:b9999c008ccf00e8fbcce1236f85ade5c569d13144f77a1946bef8863e8f6eb4"},
    {file = "scipy-1.11.4-cp310-cp310-manylinux_2_17_x86_64.manylinux2014_x86_64.whl", hash = "sha256:933baf588daa8dc9a92c20a0be32f56d43faf3d1a60ab11b3f08c356430f6e56"},
    {file = "scipy-1.11.4-cp310-cp310-musllinux_1_1_x86_64.whl", hash = "sha256:8fce70f39076a5aa62e92e69a7f62349f9574d8405c0a5de6ed3ef72de07f446"},
    {file = "scipy-1.11.4-cp310-cp310-win_amd64.whl", hash = "sha256:6550466fbeec7453d7465e74d4f4b19f905642c89a7525571ee91dd7adabb5a3"},
    {file = "scipy-1.11.4-cp311-cp311-macosx_10_9_x86_64.whl", hash = "sha256:f313b39a7e94f296025e3cffc2c567618174c0b1dde173960cf23808f9fae4be"},
    {file = "scipy-1.11.4-cp311-cp311-macosx_12_0_arm64.whl", hash = "sha256:1b7c3dca977f30a739e0409fb001056484661cb2541a01aba0bb0029f7b68db8"},
    {file = "scipy-1.11.4-cp311-cp311-manylinux_2_17_aarch64.manylinux2014_aarch64.whl", hash = "sha256:00150c5eae7b610c32589dda259eacc7c4f1665aedf25d921907f4d08a951b1c"},
    {file = "scipy-1.11.4-cp311-cp311-manylinux_2_17_x86_64.manylinux2014_x86_64.whl", hash = "sha256:530f9ad26440e85766509dbf78edcfe13ffd0ab7fec2560ee5c36ff74d6269ff"},
    {file = "scipy-1.11.4-cp311-cp311-musllinux_1_1_x86_64.whl", hash = "sha256:5e347b14fe01003d3b78e196e84bd3f48ffe4c8a7b8a1afbcb8f5505cb710993"},
    {file = "scipy-1.11.4-cp311-cp311-win_amd64.whl", hash = "sha256:acf8ed278cc03f5aff035e69cb511741e0418681d25fbbb86ca65429c4f4d9cd"},
    {file = "scipy-1.11.4-cp312-cp312-macosx_10_9_x86_64.whl", hash = "sha256:028eccd22e654b3ea01ee63705681ee79933652b2d8f873e7949898dda6d11b6"},
    {file = "scipy-1.11.4-cp312-cp312-macosx_12_0_arm64.whl", hash = "sha256:2c6ff6ef9cc27f9b3db93a6f8b38f97387e6e0591600369a297a50a8e96e835d"},
    {file = "scipy-1.11.4-cp312-cp312-manylinux_2_17_aarch64.manylinux2014_aarch64.whl", hash = "sha256:b030c6674b9230d37c5c60ab456e2cf12f6784596d15ce8da9365e70896effc4"},
    {file = "scipy-1.11.4-cp312-cp312-manylinux_2_17_x86_64.manylinux2014_x86_64.whl", hash = "sha256:ad669df80528aeca5f557712102538f4f37e503f0c5b9541655016dd0932ca79"},
    {file = "scipy-1.11.4-cp312-cp312-musllinux_1_1_x86_64.whl", hash = "sha256:ce7fff2e23ab2cc81ff452a9444c215c28e6305f396b2ba88343a567feec9660"},
    {file = "scipy-1.11.4-cp312-cp312-win_amd64.whl", hash = "sha256:36750b7733d960d7994888f0d148d31ea3017ac15eef664194b4ef68d36a4a97"},
    {file = "scipy-1.11.4-cp39-cp39-macosx_10_9_x86_64.whl", hash = "sha256:6e619aba2df228a9b34718efb023966da781e89dd3d21637b27f2e54db0410d7"},
    {file = "scipy-1.11.4-cp39-cp39-macosx_12_0_arm64.whl", hash = "sha256:f3cd9e7b3c2c1ec26364856f9fbe78695fe631150f94cd1c22228456404cf1ec"},
    {file = "scipy-1.11.4-cp39-cp39-manylinux_2_17_aarch64.manylinux2014_aarch64.whl", hash = "sha256:d10e45a6c50211fe256da61a11c34927c68f277e03138777bdebedd933712fea"},
    {file = "scipy-1.11.4-cp39-cp39-manylinux_2_17_x86_64.manylinux2014_x86_64.whl", hash = "sha256:91af76a68eeae0064887a48e25c4e616fa519fa0d38602eda7e0f97d65d57937"},
    {file = "scipy-1.11.4-cp39-cp39-musllinux_1_1_x86_64.whl", hash = "sha256:6df1468153a31cf55ed5ed39647279beb9cfb5d3f84369453b49e4b8502394fd"},
    {file = "scipy-1.11.4-cp39-cp39-win_amd64.whl", hash = "sha256:ee410e6de8f88fd5cf6eadd73c135020bfbbbdfcd0f6162c36a7638a1ea8cc65"},
    {file = "scipy-1.11.4.tar.gz", hash = "sha256:90a2b78e7f5733b9de748f589f09225013685f9b218275257f8a8168ededaeaa"},
]

[package.dependencies]
numpy = ">=1.21.6,<1.28.0"

[package.extras]
dev = ["click", "cython-lint (>=0.12.2)", "doit (>=0.36.0)", "mypy", "pycodestyle", "pydevtool", "rich-click", "ruff", "types-psutil", "typing_extensions"]
doc = ["jupytext", "matplotlib (>2)", "myst-nb", "numpydoc", "pooch", "pydata-sphinx-theme (==0.9.0)", "sphinx (!=4.1.0)", "sphinx-design (>=0.2.0)"]
test = ["asv", "gmpy2", "mpmath", "pooch", "pytest", "pytest-cov", "pytest-timeout", "pytest-xdist", "scikit-umfpack", "threadpoolctl"]

[[package]]
name = "scs"
version = "3.2.7.post2"
description = "Splitting conic solver"
optional = false
python-versions = ">=3.7"
groups = ["main"]
files = [
    {file = "scs-3.2.7.post2-cp310-cp310-macosx_10_9_x86_64.whl", hash = "sha256:b7271ff566ac9df929c8cf7d1b024b89c3882b541c21a7a6d9aa94480822bccb"},
    {file = "scs-3.2.7.post2-cp310-cp310-macosx_11_0_arm64.whl", hash = "sha256:eb2997f53ef3426934599517c6e0e77f4f05cc23c3aa2380fd176c7fd22bc0c8"},
    {file = "scs-3.2.7.post2-cp310-cp310-manylinux_2_17_x86_64.manylinux2014_x86_64.whl", hash = "sha256:bd8307b7302f8105148478a5723a2f7d5a3cbf86ef3cc6f27567203addfa3b10"},
    {file = "scs-3.2.7.post2-cp310-cp310-manylinux_2_28_aarch64.whl", hash = "sha256:f34cc43c9eb1092423b55f01430ad99b4e5825a6595ead8e081f985032685e8c"},
    {file = "scs-3.2.7.post2-cp310-cp310-musllinux_1_2_x86_64.whl", hash = "sha256:f645f3789bc4659de2a468c2e4db552f6656bcb286e81f3cb42d5a607028627b"},
    {file = "scs-3.2.7.post2-cp310-cp310-win_amd64.whl", hash = "sha256:e5f90940c383b68dd7960b734105cd1dd6c11c80275321de3a6388f563a1ff19"},
    {file = "scs-3.2.7.post2-cp311-cp311-macosx_10_9_x86_64.whl", hash = "sha256:6d551b90d9e2c0497ee17d8c3db325d6fcefa4419057954e68709da8b9184d4f"},
    {file = "scs-3.2.7.post2-cp311-cp311-macosx_11_0_arm64.whl", hash = "sha256:7c15d035dda04a6626d3cd9b68d3bf814d2e0eb3cb372021775bd358fd8c7405"},
    {file = "scs-3.2.7.post2-cp311-cp311-manylinux_2_17_x86_64.manylinux2014_x86_64.whl", hash = "sha256:6da6add18f039e7e08f0ebc13cb1f853ec4c96ae81d7a578f46e0f9f0e5bf4b5"},
    {file = "scs-3.2.7.post2-cp311-cp311-manylinux_2_28_aarch64.whl", hash = "sha256:d6c965f026e56c92b59a9c96744eb90178982c270ab196f58a0260ac392785aa"},
    {file = "scs-3.2.7.post2-cp311-cp311-musllinux_1_2_x86_64.whl", hash = "sha256:0427a5bf9aa43eb2a22083e1a43412db5054a88d695fdaa6018cd6fb3a9f0203"},
    {file = "scs-3.2.7.post2-cp311-cp311-win_amd64.whl", hash = "sha256:4d05ec092c891eb842630f343ebc0c46d2ef6047f325a835771b13f9804d6b3b"},
    {file = "scs-3.2.7.post2-cp312-cp312-macosx_10_13_x86_64.whl", hash = "sha256:99e4af2968b046ee55fa0dc89dcd3bfba771f1027d9224cb6efa10008d8bfee1"},
    {file = "scs-3.2.7.post2-cp312-cp312-macosx_11_0_arm64.whl", hash = "sha256:bc46fef9743d4629337382f034fda92dfce338659e8377afae674517b7d8345f"},
    {file = "scs-3.2.7.post2-cp312-cp312-manylinux_2_17_x86_64.manylinux2014_x86_64.whl", hash = "sha256:f92e925d89004276a449850926a45536f75c03cab701b5e758b1a7efa119ba08"},
    {file = "scs-3.2.7.post2-cp312-cp312-manylinux_2_28_aarch64.whl", hash = "sha256:640faf61f85b933fdfc3d33d7ce4f0049b082b245e82d2d6a8c2c54aa0b7f540"},
    {file = "scs-3.2.7.post2-cp312-cp312-musllinux_1_2_x86_64.whl", hash = "sha256:a520c9bef84eee734df0da3e5e06aa9192d3be34cd5e6d4221cc01f4d09b20c0"},
    {file = "scs-3.2.7.post2-cp312-cp312-win_amd64.whl", hash = "sha256:2995d4099943c3fd754b3e39fe178a9c03dcb9c7d84b40f64ac5eb26d8d6085a"},
    {file = "scs-3.2.7.post2-cp313-cp313-macosx_10_13_x86_64.whl", hash = "sha256:aaa3753e82250913e17c792e7ca7eb0bde03ac41200923f3dfd3f6bd5ec6f308"},
    {file = "scs-3.2.7.post2-cp313-cp313-macosx_11_0_arm64.whl", hash = "sha256:08e9c20b482c03f292b3da7ce4cbddb2697508ffd747304564868e87da7cb4b2"},
    {file = "scs-3.2.7.post2-cp313-cp313-manylinux_2_17_x86_64.manylinux2014_x86_64.whl", hash = "sha256:56af9310bd2d000c45d7829e2935b5445480ea6bcc6091c58d4e3ab2a94125be"},
    {file = "scs-3.2.7.post2-cp313-cp313-manylinux_2_28_aarch64.whl", hash = "sha256:ec6e7bdb18d4b84c7f56f94db445ec0c43deec5aa659201467aa85b2f64b8123"},
    {file = "scs-3.2.7.post2-cp313-cp313-musllinux_1_2_x86_64.whl", hash = "sha256:91316903b2ea625990abe18bb92e8ce63536e5eafb9623ecf1cb199fb05ea574"},
    {file = "scs-3.2.7.post2-cp313-cp313-win_amd64.whl", hash = "sha256:a2c48cd19e39bf87dae0b20a289fff44930458fc2ca2afa0f899058dc41e5545"},
    {file = "scs-3.2.7.post2-cp37-cp37m-macosx_10_9_x86_64.whl", hash = "sha256:1efca4a10fca530b22ded7bdbca004059e047e2c97a5023d5b7d5146897a7d8a"},
    {file = "scs-3.2.7.post2-cp37-cp37m-manylinux_2_17_x86_64.manylinux2014_x86_64.whl", hash = "sha256:604abfabdfd4a14389144791b43e1ee22507ad1d0bde27a52908166f64f1ab96"},
    {file = "scs-3.2.7.post2-cp37-cp37m-manylinux_2_28_aarch64.whl", hash = "sha256:d17f6258d58a430acef79aa4f004e6ded323724443baed05eaa73fc4cfa40c27"},
    {file = "scs-3.2.7.post2-cp37-cp37m-win_amd64.whl", hash = "sha256:de11c855577eb6f695ba93088d47c348858e7c34812139a3c532ebb36bd2d81d"},
    {file = "scs-3.2.7.post2-cp38-cp38-macosx_10_9_x86_64.whl", hash = "sha256:900ccd6040f635ef6869779d70ba7260a73a0b8bcc9eb3e5eac55f54d6611044"},
    {file = "scs-3.2.7.post2-cp38-cp38-macosx_11_0_arm64.whl", hash = "sha256:c4fd9b7bd328d1d432d4fbb86054982a1e5c2aa589394c8257bd5f67ae84ea51"},
    {file = "scs-3.2.7.post2-cp38-cp38-manylinux_2_17_x86_64.manylinux2014_x86_64.whl", hash = "sha256:746a3ee4f9307a000c6599c6e3067a0a377f3902c36e6a7c7ea01ee040b06f54"},
    {file = "scs-3.2.7.post2-cp38-cp38-manylinux_2_28_aarch64.whl", hash = "sha256:b5f974c29c40eab2bf12b273c00daa7cc8011a2628c5397e3c61ac6b32ab9485"},
    {file = "scs-3.2.7.post2-cp38-cp38-win_amd64.whl", hash = "sha256:05da761821a14b8ebe54427510cbe10722b3433db4e953acd7a067893e955781"},
    {file = "scs-3.2.7.post2-cp39-cp39-macosx_10_9_x86_64.whl", hash = "sha256:ed80e841680d62a3c3b4e5757852f88df19ca6ef85bd61f7abaefb64994cfd04"},
    {file = "scs-3.2.7.post2-cp39-cp39-macosx_11_0_arm64.whl", hash = "sha256:93de54f8acf83d224e007babfa410823838b28dc4a2d2c964396b52e13b78c61"},
    {file = "scs-3.2.7.post2-cp39-cp39-manylinux_2_17_x86_64.manylinux2014_x86_64.whl", hash = "sha256:3562d84b6187959f9c7bcf2ad254e82a6674593729c4d85917d2f8536f89f2b2"},
    {file = "scs-3.2.7.post2-cp39-cp39-manylinux_2_28_aarch64.whl", hash = "sha256:f9d523d91904e2fba13ae0348789badd3270bba329208126d5457869e0180da2"},
    {file = "scs-3.2.7.post2-cp39-cp39-musllinux_1_2_x86_64.whl", hash = "sha256:4a30b9d9bdcdc823acfaf5b72b7689dd699e8ab80b9dfab529628e9b2c765266"},
    {file = "scs-3.2.7.post2-cp39-cp39-win_amd64.whl", hash = "sha256:82422e7bc04300f6381afc4a6df2897e577cbe072daba29cd67856b28dba9718"},
    {file = "scs-3.2.7.post2.tar.gz", hash = "sha256:4245a4f76328cc73911f20e1414df68d41ead4bcc4a187503a9cd639b644014b"},
]

[package.dependencies]
numpy = "*"
scipy = "*"

[metadata]
lock-version = "2.1"
python-versions = ">=3.10"
content-hash = "2758c0a5fec61276a42eea2a4893798cafe712c226e27a90a8215f8d7fde8678"
